
Microsoft Visual Studio Solution File, Format Version 12.00
# Visual Studio Version 17
VisualStudioVersion = 17.8.34322.80
MinimumVisualStudioVersion = 10.0.40219.1
Project("{FAE04EC0-301F-11D3-BF4B-00C04F79EFBC}") = "WindowsService1", "WindowsService1\WindowsService1.csproj", "{8A73D175-EDFE-4265-9030-9E2A93383064}"
EndProject
Project("{9A19103F-16F7-4668-BE54-9A1E7A4F7556}") = "Core", "Core\Core.csproj", "{27B1591D-D8AF-42BE-BEDD-0E14CC862EF0}"
EndProject
Project("{9A19103F-16F7-4668-BE54-9A1E7A4F7556}") = "LibreHardwareMonitorLib", "LibreHardwareMonitorLib\LibreHardwareMonitorLib.csproj", "{6A5CBA8A-C256-4B48-90F2-8211215D11B9}"
EndProject
Project("{2150E333-8FDC-42A3-9474-1A3956D46DE8}") = "Common", "Common", "{998226E4-4420-4593-8730-84B921DD6BA7}"
EndProject
Project("{9A19103F-16F7-4668-BE54-9A1E7A4F7556}") = "App", "App\App.csproj", "{DA1E4105-C86F-4305-B9D1-A237F271E530}"
EndProject
Project("{9A19103F-16F7-4668-BE54-9A1E7A4F7556}") = "App.Android", "App.Android\App.Android.csproj", "{45519D3C-B87F-46E7-A658-D3796C69F387}"
EndProject
Project("{9A19103F-16F7-4668-BE54-9A1E7A4F7556}") = "App.Desktop", "App.Desktop\App.Desktop.csproj", "{4E3F655B-9216-43AB-948B-BCE8E93FDB21}"
EndProject
Project("{9A19103F-16F7-4668-BE54-9A1E7A4F7556}") = "App.Browser", "App.Browser\App.Browser.csproj", "{8644528A-D2BD-4A63-B87D-310CB2CAEAA7}"
EndProject
Global
	GlobalSection(SolutionConfigurationPlatforms) = preSolution
		Debug|Any CPU = Debug|Any CPU
		Debug|arm64 = Debug|arm64
		Debug|x64 = Debug|x64
		Debug|x86 = Debug|x86
		Release|Any CPU = Release|Any CPU
		Release|arm64 = Release|arm64
		Release|x64 = Release|x64
		Release|x86 = Release|x86
	EndGlobalSection
	GlobalSection(ProjectConfigurationPlatforms) = postSolution
		{8A73D175-EDFE-4265-9030-9E2A93383064}.Debug|Any CPU.ActiveCfg = Debug|Any CPU
		{8A73D175-EDFE-4265-9030-9E2A93383064}.Debug|Any CPU.Build.0 = Debug|Any CPU
		{8A73D175-EDFE-4265-9030-9E2A93383064}.Debug|arm64.ActiveCfg = Debug|Any CPU
		{8A73D175-EDFE-4265-9030-9E2A93383064}.Debug|arm64.Build.0 = Debug|Any CPU
		{8A73D175-EDFE-4265-9030-9E2A93383064}.Debug|x64.ActiveCfg = Debug|Any CPU
		{8A73D175-EDFE-4265-9030-9E2A93383064}.Debug|x64.Build.0 = Debug|Any CPU
		{8A73D175-EDFE-4265-9030-9E2A93383064}.Debug|x86.ActiveCfg = Debug|Any CPU
		{8A73D175-EDFE-4265-9030-9E2A93383064}.Debug|x86.Build.0 = Debug|Any CPU
		{8A73D175-EDFE-4265-9030-9E2A93383064}.Release|Any CPU.ActiveCfg = Release|Any CPU
		{8A73D175-EDFE-4265-9030-9E2A93383064}.Release|Any CPU.Build.0 = Release|Any CPU
		{8A73D175-EDFE-4265-9030-9E2A93383064}.Release|arm64.ActiveCfg = Release|Any CPU
		{8A73D175-EDFE-4265-9030-9E2A93383064}.Release|arm64.Build.0 = Release|Any CPU
		{8A73D175-EDFE-4265-9030-9E2A93383064}.Release|x64.ActiveCfg = Release|Any CPU
		{8A73D175-EDFE-4265-9030-9E2A93383064}.Release|x64.Build.0 = Release|Any CPU
		{8A73D175-EDFE-4265-9030-9E2A93383064}.Release|x86.ActiveCfg = Release|Any CPU
		{8A73D175-EDFE-4265-9030-9E2A93383064}.Release|x86.Build.0 = Release|Any CPU
		{27B1591D-D8AF-42BE-BEDD-0E14CC862EF0}.Debug|Any CPU.ActiveCfg = Debug|Any CPU
		{27B1591D-D8AF-42BE-BEDD-0E14CC862EF0}.Debug|Any CPU.Build.0 = Debug|Any CPU
		{27B1591D-D8AF-42BE-BEDD-0E14CC862EF0}.Debug|arm64.ActiveCfg = Debug|Any CPU
		{27B1591D-D8AF-42BE-BEDD-0E14CC862EF0}.Debug|arm64.Build.0 = Debug|Any CPU
		{27B1591D-D8AF-42BE-BEDD-0E14CC862EF0}.Debug|x64.ActiveCfg = Debug|Any CPU
		{27B1591D-D8AF-42BE-BEDD-0E14CC862EF0}.Debug|x64.Build.0 = Debug|Any CPU
		{27B1591D-D8AF-42BE-BEDD-0E14CC862EF0}.Debug|x86.ActiveCfg = Debug|Any CPU
		{27B1591D-D8AF-42BE-BEDD-0E14CC862EF0}.Debug|x86.Build.0 = Debug|Any CPU
		{27B1591D-D8AF-42BE-BEDD-0E14CC862EF0}.Release|Any CPU.ActiveCfg = Release|Any CPU
		{27B1591D-D8AF-42BE-BEDD-0E14CC862EF0}.Release|Any CPU.Build.0 = Release|Any CPU
		{27B1591D-D8AF-42BE-BEDD-0E14CC862EF0}.Release|arm64.ActiveCfg = Release|Any CPU
		{27B1591D-D8AF-42BE-BEDD-0E14CC862EF0}.Release|arm64.Build.0 = Release|Any CPU
		{27B1591D-D8AF-42BE-BEDD-0E14CC862EF0}.Release|x64.ActiveCfg = Release|Any CPU
		{27B1591D-D8AF-42BE-BEDD-0E14CC862EF0}.Release|x64.Build.0 = Release|Any CPU
		{27B1591D-D8AF-42BE-BEDD-0E14CC862EF0}.Release|x86.ActiveCfg = Release|Any CPU
		{27B1591D-D8AF-42BE-BEDD-0E14CC862EF0}.Release|x86.Build.0 = Release|Any CPU
		{6A5CBA8A-C256-4B48-90F2-8211215D11B9}.Debug|Any CPU.ActiveCfg = Debug|Any CPU
		{6A5CBA8A-C256-4B48-90F2-8211215D11B9}.Debug|Any CPU.Build.0 = Debug|Any CPU
		{6A5CBA8A-C256-4B48-90F2-8211215D11B9}.Debug|arm64.ActiveCfg = Debug|Any CPU
		{6A5CBA8A-C256-4B48-90F2-8211215D11B9}.Debug|arm64.Build.0 = Debug|Any CPU
		{6A5CBA8A-C256-4B48-90F2-8211215D11B9}.Debug|x64.ActiveCfg = Debug|Any CPU
		{6A5CBA8A-C256-4B48-90F2-8211215D11B9}.Debug|x64.Build.0 = Debug|Any CPU
		{6A5CBA8A-C256-4B48-90F2-8211215D11B9}.Debug|x86.ActiveCfg = Debug|Any CPU
		{6A5CBA8A-C256-4B48-90F2-8211215D11B9}.Debug|x86.Build.0 = Debug|Any CPU
		{6A5CBA8A-C256-4B48-90F2-8211215D11B9}.Release|Any CPU.ActiveCfg = Release|Any CPU
		{6A5CBA8A-C256-4B48-90F2-8211215D11B9}.Release|Any CPU.Build.0 = Release|Any CPU
		{6A5CBA8A-C256-4B48-90F2-8211215D11B9}.Release|arm64.ActiveCfg = Release|Any CPU
		{6A5CBA8A-C256-4B48-90F2-8211215D11B9}.Release|arm64.Build.0 = Release|Any CPU
		{6A5CBA8A-C256-4B48-90F2-8211215D11B9}.Release|x64.ActiveCfg = Release|Any CPU
		{6A5CBA8A-C256-4B48-90F2-8211215D11B9}.Release|x64.Build.0 = Release|Any CPU
		{6A5CBA8A-C256-4B48-90F2-8211215D11B9}.Release|x86.ActiveCfg = Release|Any CPU
		{6A5CBA8A-C256-4B48-90F2-8211215D11B9}.Release|x86.Build.0 = Release|Any CPU
		{DA1E4105-C86F-4305-B9D1-A237F271E530}.Debug|Any CPU.ActiveCfg = Debug|Any CPU
		{DA1E4105-C86F-4305-B9D1-A237F271E530}.Debug|Any CPU.Build.0 = Debug|Any CPU
		{DA1E4105-C86F-4305-B9D1-A237F271E530}.Debug|arm64.ActiveCfg = Debug|Any CPU
		{DA1E4105-C86F-4305-B9D1-A237F271E530}.Debug|arm64.Build.0 = Debug|Any CPU
		{DA1E4105-C86F-4305-B9D1-A237F271E530}.Debug|x64.ActiveCfg = Debug|Any CPU
		{DA1E4105-C86F-4305-B9D1-A237F271E530}.Debug|x64.Build.0 = Debug|Any CPU
		{DA1E4105-C86F-4305-B9D1-A237F271E530}.Debug|x86.ActiveCfg = Debug|Any CPU
		{DA1E4105-C86F-4305-B9D1-A237F271E530}.Debug|x86.Build.0 = Debug|Any CPU
		{DA1E4105-C86F-4305-B9D1-A237F271E530}.Release|Any CPU.ActiveCfg = Release|Any CPU
		{DA1E4105-C86F-4305-B9D1-A237F271E530}.Release|Any CPU.Build.0 = Release|Any CPU
		{DA1E4105-C86F-4305-B9D1-A237F271E530}.Release|arm64.ActiveCfg = Release|Any CPU
		{DA1E4105-C86F-4305-B9D1-A237F271E530}.Release|arm64.Build.0 = Release|Any CPU
		{DA1E4105-C86F-4305-B9D1-A237F271E530}.Release|x64.ActiveCfg = Release|Any CPU
		{DA1E4105-C86F-4305-B9D1-A237F271E530}.Release|x64.Build.0 = Release|Any CPU
		{DA1E4105-C86F-4305-B9D1-A237F271E530}.Release|x86.ActiveCfg = Release|Any CPU
		{DA1E4105-C86F-4305-B9D1-A237F271E530}.Release|x86.Build.0 = Release|Any CPU
		{45519D3C-B87F-46E7-A658-D3796C69F387}.Debug|Any CPU.ActiveCfg = Debug|Any CPU
		{45519D3C-B87F-46E7-A658-D3796C69F387}.Debug|Any CPU.Build.0 = Debug|Any CPU
		{45519D3C-B87F-46E7-A658-D3796C69F387}.Debug|Any CPU.Deploy.0 = Debug|Any CPU
		{45519D3C-B87F-46E7-A658-D3796C69F387}.Debug|arm64.ActiveCfg = Debug|Any CPU
		{45519D3C-B87F-46E7-A658-D3796C69F387}.Debug|arm64.Build.0 = Debug|Any CPU
		{45519D3C-B87F-46E7-A658-D3796C69F387}.Debug|arm64.Deploy.0 = Debug|Any CPU
		{45519D3C-B87F-46E7-A658-D3796C69F387}.Debug|x64.ActiveCfg = Debug|Any CPU
		{45519D3C-B87F-46E7-A658-D3796C69F387}.Debug|x64.Build.0 = Debug|Any CPU
		{45519D3C-B87F-46E7-A658-D3796C69F387}.Debug|x64.Deploy.0 = Debug|Any CPU
		{45519D3C-B87F-46E7-A658-D3796C69F387}.Debug|x86.ActiveCfg = Debug|Any CPU
		{45519D3C-B87F-46E7-A658-D3796C69F387}.Debug|x86.Build.0 = Debug|Any CPU
		{45519D3C-B87F-46E7-A658-D3796C69F387}.Debug|x86.Deploy.0 = Debug|Any CPU
		{45519D3C-B87F-46E7-A658-D3796C69F387}.Release|Any CPU.ActiveCfg = Release|Any CPU
		{45519D3C-B87F-46E7-A658-D3796C69F387}.Release|Any CPU.Build.0 = Release|Any CPU
		{45519D3C-B87F-46E7-A658-D3796C69F387}.Release|Any CPU.Deploy.0 = Release|Any CPU
		{45519D3C-B87F-46E7-A658-D3796C69F387}.Release|arm64.ActiveCfg = Release|Any CPU
		{45519D3C-B87F-46E7-A658-D3796C69F387}.Release|arm64.Build.0 = Release|Any CPU
		{45519D3C-B87F-46E7-A658-D3796C69F387}.Release|arm64.Deploy.0 = Release|Any CPU
		{45519D3C-B87F-46E7-A658-D3796C69F387}.Release|x64.ActiveCfg = Release|Any CPU
		{45519D3C-B87F-46E7-A658-D3796C69F387}.Release|x64.Build.0 = Release|Any CPU
		{45519D3C-B87F-46E7-A658-D3796C69F387}.Release|x64.Deploy.0 = Release|Any CPU
		{45519D3C-B87F-46E7-A658-D3796C69F387}.Release|x86.ActiveCfg = Release|Any CPU
		{45519D3C-B87F-46E7-A658-D3796C69F387}.Release|x86.Build.0 = Release|Any CPU
		{45519D3C-B87F-46E7-A658-D3796C69F387}.Release|x86.Deploy.0 = Release|Any CPU
		{4E3F655B-9216-43AB-948B-BCE8E93FDB21}.Debug|Any CPU.ActiveCfg = Debug|Any CPU
		{4E3F655B-9216-43AB-948B-BCE8E93FDB21}.Debug|Any CPU.Build.0 = Debug|Any CPU
		{4E3F655B-9216-43AB-948B-BCE8E93FDB21}.Debug|arm64.ActiveCfg = Debug|Any CPU
		{4E3F655B-9216-43AB-948B-BCE8E93FDB21}.Debug|arm64.Build.0 = Debug|Any CPU
		{4E3F655B-9216-43AB-948B-BCE8E93FDB21}.Debug|x64.ActiveCfg = Debug|Any CPU
		{4E3F655B-9216-43AB-948B-BCE8E93FDB21}.Debug|x64.Build.0 = Debug|Any CPU
		{4E3F655B-9216-43AB-948B-BCE8E93FDB21}.Debug|x86.ActiveCfg = Debug|Any CPU
		{4E3F655B-9216-43AB-948B-BCE8E93FDB21}.Debug|x86.Build.0 = Debug|Any CPU
		{4E3F655B-9216-43AB-948B-BCE8E93FDB21}.Release|Any CPU.ActiveCfg = Release|Any CPU
		{4E3F655B-9216-43AB-948B-BCE8E93FDB21}.Release|Any CPU.Build.0 = Release|Any CPU
		{4E3F655B-9216-43AB-948B-BCE8E93FDB21}.Release|arm64.ActiveCfg = Release|Any CPU
		{4E3F655B-9216-43AB-948B-BCE8E93FDB21}.Release|arm64.Build.0 = Release|Any CPU
		{4E3F655B-9216-43AB-948B-BCE8E93FDB21}.Release|x64.ActiveCfg = Release|Any CPU
		{4E3F655B-9216-43AB-948B-BCE8E93FDB21}.Release|x64.Build.0 = Release|Any CPU
		{4E3F655B-9216-43AB-948B-BCE8E93FDB21}.Release|x86.ActiveCfg = Release|Any CPU
		{4E3F655B-9216-43AB-948B-BCE8E93FDB21}.Release|x86.Build.0 = Release|Any CPU
		{8644528A-D2BD-4A63-B87D-310CB2CAEAA7}.Debug|Any CPU.ActiveCfg = Debug|Any CPU
		{8644528A-D2BD-4A63-B87D-310CB2CAEAA7}.Debug|Any CPU.Build.0 = Debug|Any CPU
		{8644528A-D2BD-4A63-B87D-310CB2CAEAA7}.Debug|arm64.ActiveCfg = Debug|Any CPU
		{8644528A-D2BD-4A63-B87D-310CB2CAEAA7}.Debug|arm64.Build.0 = Debug|Any CPU
		{8644528A-D2BD-4A63-B87D-310CB2CAEAA7}.Debug|x64.ActiveCfg = Debug|Any CPU
		{8644528A-D2BD-4A63-B87D-310CB2CAEAA7}.Debug|x64.Build.0 = Debug|Any CPU
		{8644528A-D2BD-4A63-B87D-310CB2CAEAA7}.Debug|x86.ActiveCfg = Debug|Any CPU
		{8644528A-D2BD-4A63-B87D-310CB2CAEAA7}.Debug|x86.Build.0 = Debug|Any CPU
		{8644528A-D2BD-4A63-B87D-310CB2CAEAA7}.Release|Any CPU.ActiveCfg = Release|Any CPU
		{8644528A-D2BD-4A63-B87D-310CB2CAEAA7}.Release|Any CPU.Build.0 = Release|Any CPU
		{8644528A-D2BD-4A63-B87D-310CB2CAEAA7}.Release|arm64.ActiveCfg = Release|Any CPU
		{8644528A-D2BD-4A63-B87D-310CB2CAEAA7}.Release|arm64.Build.0 = Release|Any CPU
		{8644528A-D2BD-4A63-B87D-310CB2CAEAA7}.Release|x64.ActiveCfg = Release|Any CPU
		{8644528A-D2BD-4A63-B87D-310CB2CAEAA7}.Release|x64.Build.0 = Release|Any CPU
		{8644528A-D2BD-4A63-B87D-310CB2CAEAA7}.Release|x86.ActiveCfg = Release|Any CPU
		{8644528A-D2BD-4A63-B87D-310CB2CAEAA7}.Release|x86.Build.0 = Release|Any CPU
	EndGlobalSection
	GlobalSection(SolutionProperties) = preSolution
		HideSolutionNode = FALSE
	EndGlobalSection
	GlobalSection(NestedProjects) = preSolution
		{27B1591D-D8AF-42BE-BEDD-0E14CC862EF0} = {998226E4-4420-4593-8730-84B921DD6BA7}
		{6A5CBA8A-C256-4B48-90F2-8211215D11B9} = {998226E4-4420-4593-8730-84B921DD6BA7}
	EndGlobalSection
	GlobalSection(ExtensibilityGlobals) = postSolution
		SolutionGuid = {F8EC2C92-FDD2-4A58-AEA8-705021A7B809}
	EndGlobalSection
EndGlobal
